{
  "name": "@skyf0xx/hedgehog-core-adopted",
  "version": "1.0.4",
  "lockfileVersion": 3,
  "requires": true,
  "packages": {
    "": {
      "name": "@skyf0xx/hedgehog-core-adopted",
      "version": "1.0.4",
      "license": "MIT",
      "engines": {
        "node": ">=22.5.0"
      }
    }
  }
}
